
Microsoft Visual Studio Solution File, Format Version 12.00
# Visual Studio Version 16
VisualStudioVersion = 16.0.29215.179
MinimumVisualStudioVersion = 10.0.40219.1
Project("{FAE04EC0-301F-11D3-BF4B-00C04F79EFBC}") = "LAB4", "LAB4\LAB4.csproj", "{86BD1BDC-CDB6-424F-8568-E19137252106}"
EndProject
Global
	GlobalSection(SolutionConfigurationPlatforms) = preSolution
		Debug|Any CPU = Debug|Any CPU
		Release|Any CPU = Release|Any CPU
	EndGlobalSection
	GlobalSection(ProjectConfigurationPlatforms) = postSolution
		{86BD1BDC-CDB6-424F-8568-E19137252106}.Debug|Any CPU.ActiveCfg = Debug|Any CPU
		{86BD1BDC-CDB6-424F-8568-E19137252106}.Debug|Any CPU.Build.0 = Debug|Any CPU
		{86BD1BDC-CDB6-424F-8568-E19137252106}.Release|Any CPU.ActiveCfg = Release|Any CPU
		{86BD1BDC-CDB6-424F-8568-E19137252106}.Release|Any CPU.Build.0 = Release|Any CPU
	EndGlobalSection
	GlobalSection(SolutionProperties) = preSolution
		HideSolutionNode = FALSE
	EndGlobalSection
	GlobalSection(ExtensibilityGlobals) = postSolution
		SolutionGuid = {6CF90584-43CD-4340-8A35-7F9ED8978F1C}
	EndGlobalSection
EndGlobal
